PODS:
  - Flutter (1.0.0)
  - flutter_wallet_card (1.0.0):
    - Flutter
    - OpenSSL-Universal
  - OpenSSL-Universal (1.1.2100)
  - path_provider_foundation (0.0.1):
    - Flutter
    - FlutterMacOS

DEPENDENCIES:
  - Flutter (from `Flutter`)
  - flutter_wallet_card (from `.symlinks/plugins/flutter_wallet_card/ios`)
  - path_provider_foundation (from `.symlinks/plugins/path_provider_foundation/darwin`)

SPEC REPOS:
  trunk:
    - OpenSSL-Universal

EXTERNAL SOURCES:
  Flutter:
    :path: Flutter
  flutter_wallet_card:
    :path: ".symlinks/plugins/flutter_wallet_card/ios"
  path_provider_foundation:
    :path: ".symlinks/plugins/path_provider_foundation/darwin"

SPEC CHECKSUMS:
  Flutter: e0871f40cf51350855a761d2e70bf5af5b9b5de7
  flutter_wallet_card: fa464b6f36c9c7ffda50f48b659b2b056d2eeaa8
  OpenSSL-Universal: 96db2ea04174c0e3d50d93b74f0e198f980e2aa9
  path_provider_foundation: 080d55be775b7414fd5a5ef3ac137b97b097e564

PODFILE CHECKSUM: c4c93c5f6502fe2754f48404d3594bf779584011

COCOAPODS: 1.16.2
