{
  "pins" : [
    {
      "identity" : "openssl-package",
      "kind" : "remoteSourceControl",
      "location" : "https://github.com/krzyzanowskim/OpenSSL-Package.git",
      "state" : {
        "revision" : "4db40e8f0bac4edd7b605cc692b924b558f0d125",
        "version" : "3.6.1"
      }
    }
  ],
  "version" : 2
}
